<?xml version="1.0" encoding="utf-8"?>
<Project ToolsVersion="4.0" xmlns="http://schemas.microsoft.com/developer/msbuild/2003">
  <ItemGroup>
    <Filter Include="Source Files">
      <UniqueIdentifier>{4FC737F1-C7A5-4376-A066-2A32D752A2FF}</UniqueIdentifier>
      <Extensions>cpp;c;cc;cxx;def;odl;idl;hpj;bat;asm;asmx</Extensions>
    </Filter>
    <Filter Include="Resource Files">
      <UniqueIdentifier>{67DA6AB6-F800-4c08-8B7A-83BB121AAD01}</UniqueIdentifier>
      <Extensions>rc;ico;cur;bmp;dlg;rc2;rct;bin;rgs;gif;jpg;jpeg;jpe;resx;tiff;tif;png;wav;mfcribbon-ms</Extensions>
    </Filter>
  </ItemGroup>
  <ItemGroup>
    <ClCompile Include="dllmain.cpp">
      <Filter>Source Files</Filter>
    </ClCompile>
    <ClCompile Include="src\Buffer.cpp">
      <Filter>Source Files</Filter>
    </ClCompile>
    <ClCompile Include="src\Array.cpp">
      <Filter>Source Files</Filter>
    </ClCompile>
    <ClCompile Include="src\BooleanValue.cpp">
      <Filter>Source Files</Filter>
    </ClCompile>
    <ClCompile Include="src\ByteValue.cpp">
      <Filter>Source Files</Filter>
    </ClCompile>
    <ClCompile Include="src\CharEnumerator.cpp">
      <Filter>Source Files</Filter>
    </ClCompile>
    <ClCompile Include="src\CharValue.cpp">
      <Filter>Source Files</Filter>
    </ClCompile>
    <ClCompile Include="src\DateTimeValue.cpp">
      <Filter>Source Files</Filter>
    </ClCompile>
    <ClCompile Include="src\DotNetMath.cpp">
      <Filter>Source Files</Filter>
    </ClCompile>
    <ClCompile Include="src\DoubleValue.cpp">
      <Filter>Source Files</Filter>
    </ClCompile>
    <ClCompile Include="src\Int16Value.cpp">
      <Filter>Source Files</Filter>
    </ClCompile>
    <ClCompile Include="src\Int32Value.cpp">
      <Filter>Source Files</Filter>
    </ClCompile>
    <ClCompile Include="src\Int64Value.cpp">
      <Filter>Source Files</Filter>
    </ClCompile>
    <ClCompile Include="src\Object.cpp">
      <Filter>Source Files</Filter>
    </ClCompile>
    <ClCompile Include="src\SByteValue.cpp">
      <Filter>Source Files</Filter>
    </ClCompile>
    <ClCompile Include="src\SingleValue.cpp">
      <Filter>Source Files</Filter>
    </ClCompile>
    <ClCompile Include="src\StringBuilder.cpp">
      <Filter>Source Files</Filter>
    </ClCompile>
    <ClCompile Include="src\StringDotNet.cpp">
      <Filter>Source Files</Filter>
    </ClCompile>
    <ClCompile Include="src\TimeSpanValue.cpp">
      <Filter>Source Files</Filter>
    </ClCompile>
    <ClCompile Include="src\UInt16Value.cpp">
      <Filter>Source Files</Filter>
    </ClCompile>
    <ClCompile Include="src\UInt32Value.cpp">
      <Filter>Source Files</Filter>
    </ClCompile>
    <ClCompile Include="src\UInt64Value.cpp">
      <Filter>Source Files</Filter>
    </ClCompile>
    <ClCompile Include="src\BitConverter.cpp">
      <Filter>Source Files</Filter>
    </ClCompile>
  </ItemGroup>
  <ItemGroup>
    <ClInclude Include="include\DotnetTypes.h" />
    <ClInclude Include="include\ValueType.h" />
    <ClInclude Include="include\Object.h" />
    <ClInclude Include="include\Array.h" />
    <ClInclude Include="include\StringDotNet.h" />
    <ClInclude Include="include\StringBuilder.h" />
    <ClInclude Include="include\Buffer.h" />
    <ClInclude Include="include\ByteValue.h" />
    <ClInclude Include="include\SByteValue.h" />
    <ClInclude Include="include\Int16Value.h" />
    <ClInclude Include="include\UInt16Value.h" />
    <ClInclude Include="include\Int32Value.h" />
    <ClInclude Include="include\BooleanValue.h" />
    <ClInclude Include="include\UInt32Value.h" />
    <ClInclude Include="include\Int64Value.h" />
    <ClInclude Include="include\UInt64Value.h" />
    <ClInclude Include="include\SingleValue.h" />
    <ClInclude Include="include\DoubleValue.h" />
    <ClInclude Include="include\CharValue.h" />
    <ClInclude Include="include\CharEnumerator.h" />
    <ClInclude Include="include\DateTimeValue.h" />
    <ClInclude Include="include\TimeSpanValue.h" />
    <ClInclude Include="include\Exception.h" />
    <ClInclude Include="include\DotNetMath.h" />
    <ClInclude Include="include\BitConverter.h" />
  </ItemGroup>
  <ItemGroup>
    <Text Include="CMakeLists.txt" />
  </ItemGroup>
  <ItemGroup>
    <None Include="README.md" />
  </ItemGroup>
</Project>