
Microsoft Visual Studio Solution File, Format Version 12.00
# Visual Studio 15
VisualStudioVersion = 15.0.28307.1000
MinimumVisualStudioVersion = 10.0.40219.1
Project("{FAE04EC0-301F-11D3-BF4B-00C04F79EFBC}") = "MiniTest", "MiniTest\MiniTest.csproj", "{144A55F7-951A-4A31-8F7D-D73156ADAC84}"
EndProject
Global
	GlobalSection(SolutionConfigurationPlatforms) = preSolution
		Debug|Any CPU = Debug|Any CPU
		Release|Any CPU = Release|Any CPU
	EndGlobalSection
	GlobalSection(ProjectConfigurationPlatforms) = postSolution
		{144A55F7-951A-4A31-8F7D-D73156ADAC84}.Debug|Any CPU.ActiveCfg = Debug|Any CPU
		{144A55F7-951A-4A31-8F7D-D73156ADAC84}.Debug|Any CPU.Build.0 = Debug|Any CPU
		{144A55F7-951A-4A31-8F7D-D73156ADAC84}.Release|Any CPU.ActiveCfg = Release|Any CPU
		{144A55F7-951A-4A31-8F7D-D73156ADAC84}.Release|Any CPU.Build.0 = Release|Any CPU
	EndGlobalSection
	GlobalSection(SolutionProperties) = preSolution
		HideSolutionNode = FALSE
	EndGlobalSection
	GlobalSection(ExtensibilityGlobals) = postSolution
		SolutionGuid = {65BB47B4-6DE3-4169-9DE6-2BFCC847EBB8}
	EndGlobalSection
EndGlobal
